
Microsoft Visual Studio Solution File, Format Version 12.00
# Visual Studio Version 16
VisualStudioVersion = 16.0.30804.86
MinimumVisualStudioVersion = 10.0.40219.1
Project("{9A19103F-16F7-4668-BE54-9A1E7A4F7556}") = "translator", "translator\translator.csproj", "{60D3AF3C-8952-4D88-83B6-17C54EABB6EA}"
EndProject
Project("{9A19103F-16F7-4668-BE54-9A1E7A4F7556}") = "translator_v2", "test1\translator_v2.csproj", "{F1D727C9-6F1E-4264-9BF1-7227245C7F4C}"
EndProject
Global
	GlobalSection(SolutionConfigurationPlatforms) = preSolution
		Debug|Any CPU = Debug|Any CPU
		Release|Any CPU = Release|Any CPU
	EndGlobalSection
	GlobalSection(ProjectConfigurationPlatforms) = postSolution
		{60D3AF3C-8952-4D88-83B6-17C54EABB6EA}.Debug|Any CPU.ActiveCfg = Debug|Any CPU
		{60D3AF3C-8952-4D88-83B6-17C54EABB6EA}.Debug|Any CPU.Build.0 = Debug|Any CPU
		{60D3AF3C-8952-4D88-83B6-17C54EABB6EA}.Release|Any CPU.ActiveCfg = Release|Any CPU
		{60D3AF3C-8952-4D88-83B6-17C54EABB6EA}.Release|Any CPU.Build.0 = Release|Any CPU
		{F1D727C9-6F1E-4264-9BF1-7227245C7F4C}.Debug|Any CPU.ActiveCfg = Debug|Any CPU
		{F1D727C9-6F1E-4264-9BF1-7227245C7F4C}.Debug|Any CPU.Build.0 = Debug|Any CPU
		{F1D727C9-6F1E-4264-9BF1-7227245C7F4C}.Release|Any CPU.ActiveCfg = Release|Any CPU
		{F1D727C9-6F1E-4264-9BF1-7227245C7F4C}.Release|Any CPU.Build.0 = Release|Any CPU
	EndGlobalSection
	GlobalSection(SolutionProperties) = preSolution
		HideSolutionNode = FALSE
	EndGlobalSection
	GlobalSection(ExtensibilityGlobals) = postSolution
		SolutionGuid = {48A5C9EA-65A2-4643-A221-8F77A79B5D42}
	EndGlobalSection
EndGlobal
